<?xml version="1.0" encoding="utf-8"?>
<Project ToolsVersion="4.0" xmlns="http://schemas.microsoft.com/developer/msbuild/2003">
  <ItemGroup>
    <Filter Include="Исходные файлы">
      <UniqueIdentifier>{4FC737F1-C7A5-4376-A066-2A32D752A2FF}</UniqueIdentifier>
      <Extensions>cpp;c;cc;cxx;c++;cppm;ixx;def;odl;idl;hpj;bat;asm;asmx</Extensions>
    </Filter>
    <Filter Include="Файлы заголовков">
      <UniqueIdentifier>{93995380-89BD-4b04-88EB-625FBE52EBFB}</UniqueIdentifier>
      <Extensions>h;hh;hpp;hxx;h++;hm;inl;inc;ipp;xsd</Extensions>
    </Filter>
    <Filter Include="Файлы ресурсов">
      <UniqueIdentifier>{67DA6AB6-F800-4c08-8B7A-83BB121AAD01}</UniqueIdentifier>
      <Extensions>rc;ico;cur;bmp;dlg;rc2;rct;bin;rgs;gif;jpg;jpeg;jpe;resx;tiff;tif;png;wav;mfcribbon-ms</Extensions>
    </Filter>
    <Filter Include="Validators">
      <UniqueIdentifier>{ab864e5f-0e41-454f-ab51-1daf674cb336}</UniqueIdentifier>
    </Filter>
    <Filter Include="Tests">
      <UniqueIdentifier>{cf0a1739-61a2-4a6d-be2a-15856954a2cd}</UniqueIdentifier>
    </Filter>
    <Filter Include="Models">
      <UniqueIdentifier>{b1a71268-506a-4cf0-84c4-26eef13b8cac}</UniqueIdentifier>
    </Filter>
    <Filter Include="Middleware">
      <UniqueIdentifier>{17c50514-f0da-471b-8556-06a8ab84e42c}</UniqueIdentifier>
    </Filter>
    <Filter Include="Services">
      <UniqueIdentifier>{147abc04-9ff4-433b-9913-9b0c56176006}</UniqueIdentifier>
    </Filter>
    <Filter Include="Controllers">
      <UniqueIdentifier>{e0639a41-f13e-44a3-9809-5aa60b8b800a}</UniqueIdentifier>
    </Filter>
  </ItemGroup>
  <ItemGroup>
    <None Include="BuildingMaterialValidator.cs">
      <Filter>Validators</Filter>
    </None>
    <None Include="MaterialsControllerTests.cs">
      <Filter>Tests</Filter>
    </None>
    <None Include="ErrorResponse.cs">
      <Filter>Models</Filter>
    </None>
    <None Include="ExceptionHandlingMiddleware.cs">
      <Filter>Middleware</Filter>
    </None>
    <None Include="ExecutionTimeMiddleware.cs">
      <Filter>Middleware</Filter>
    </None>
    <None Include="InMemoryStorageService.cs">
      <Filter>Services</Filter>
    </None>
    <None Include="IStorageService.cs">
      <Filter>Services</Filter>
    </None>
    <None Include="MaterialsController.cs">
      <Filter>Controllers</Filter>
    </None>
    <None Include="RequestLoggingMiddleware.cs">
      <Filter>Middleware</Filter>
    </None>
    <None Include="Program.cs" />
  </ItemGroup>
</Project>